// !$*UTF8*$!
{
	archiveVersion = 1;
	classes = {
	};
	objectVersion = 50;
	objects = {

/* Begin PBXBuildFile section */
		2B98338620AE75CA00EA0386 /* AppDelegate.swift in Sources */ = {isa = PBXBuildFile; fileRef = 2B98338520AE75CA00EA0386 /* AppDelegate.swift */; };
		2B98338820AE75CA00EA0386 /* ViewController.swift in Sources */ = {isa = PBXBuildFile; fileRef = 2B98338720AE75CA00EA0386 /* ViewController.swift */; };
		2B98338B20AE75CA00EA0386 /* Main.storyboard in Resources */ = {isa = PBXBuildFile; fileRef = 2B98338920AE75CA00EA0386 /* Main.storyboard */; };
		2B98338E20AE75CA00EA0386 /* AccountSDKDemo.xcdatamodeld in Sources */ = {isa = PBXBuildFile; fileRef = 2B98338C20AE75CA00EA0386 /* AccountSDKDemo.xcdatamodeld */; };
		2B98339020AE75CC00EA0386 /* Assets.xcassets in Resources */ = {isa = PBXBuildFile; fileRef = 2B98338F20AE75CC00EA0386 /* Assets.xcassets */; };
		2B98339320AE75CC00EA0386 /* LaunchScreen.storyboard in Resources */ = {isa = PBXBuildFile; fileRef = 2B98339120AE75CC00EA0386 /* LaunchScreen.storyboard */; };
		2B98339C20AEDBB500EA0386 /* AccountSDK.framework in Frameworks */ = {isa = PBXBuildFile; fileRef = 2B98339A20AEDA6000EA0386 /* AccountSDK.framework */; };
		2B98339D20AEDBB500EA0386 /* AccountSDK.framework in Embed Frameworks */ = {isa = PBXBuildFile; fileRef = 2B98339A20AEDA6000EA0386 /* AccountSDK.framework */; settings = {ATTRIBUTES = (CodeSignOnCopy, RemoveHeadersOnCopy, ); }; };
/* End PBXBuildFile section */

/* Begin PBXCopyFilesBuildPhase section */
		2B98339E20AEDBB500EA0386 /* Embed Frameworks */ = {
			isa = PBXCopyFilesBuildPhase;
			buildActionMask = 2147483647;
			dstPath = "";
			dstSubfolderSpec = 10;
			files = (
				2B98339D20AEDBB500EA0386 /* AccountSDK.framework in Embed Frameworks */,
			);
			name = "Embed Frameworks";
			runOnlyForDeploymentPostprocessing = 0;
		};
/* End PBXCopyFilesBuildPhase section */

/* Begin PBXFileReference section */
		2B98338220AE75CA00EA0386 /* AccountSDKDemo.app */ = {isa = PBXFileReference; explicitFileType = wrapper.application; includeInIndex = 0; path = AccountSDKDemo.app; sourceTree = BUILT_PRODUCTS_DIR; };
		2B98338520AE75CA00EA0386 /* AppDelegate.swift */ = {isa = PBXFileReference; lastKnownFileType = sourcecode.swift; path = AppDelegate.swift; sourceTree = "<group>"; };
		2B98338720AE75CA00EA0386 /* ViewController.swift */ = {isa = PBXFileReference; lastKnownFileType = sourcecode.swift; path = ViewController.swift; sourceTree = "<group>"; };
		2B98338A20AE75CA00EA0386 /* Base */ = {isa = PBXFileReference; lastKnownFileType = file.storyboard; name = Base; path = Base.lproj/Main.storyboard; sourceTree = "<group>"; };
		2B98338D20AE75CA00EA0386 /* AccountSDKDemo.xcdatamodel */ = {isa = PBXFileReference; lastKnownFileType = wrapper.xcdatamodel; path = AccountSDKDemo.xcdatamodel; sourceTree = "<group>"; };
		2B98338F20AE75CC00EA0386 /* Assets.xcassets */ = {isa = PBXFileReference; lastKnownFileType = folder.assetcatalog; path = Assets.xcassets; sourceTree = "<group>"; };
		2B98339220AE75CC00EA0386 /* Base */ = {isa = PBXFileReference; lastKnownFileType = file.storyboard; name = Base; path = Base.lproj/LaunchScreen.storyboard; sourceTree = "<group>"; };
		2B98339420AE75CC00EA0386 /* Info.plist */ = {isa = PBXFileReference; lastKnownFileType = text.plist.xml; path = Info.plist; sourceTree = "<group>"; };
		2B98339A20AEDA6000EA0386 /* AccountSDK.framework */ = {isa = PBXFileReference; lastKnownFileType = wrapper.framework; path = AccountSDK.framework; sourceTree = "<group>"; };
/* End PBXFileReference section */

/* Begin PBXFrameworksBuildPhase section */
		2B98337F20AE75CA00EA0386 /* Frameworks */ = {
			isa = PBXFrameworksBuildPhase;
			buildActionMask = 2147483647;
			files = (
				2B98339C20AEDBB500EA0386 /* AccountSDK.framework in Frameworks */,
			);
			runOnlyForDeploymentPostprocessing = 0;
		};
/* End PBXFrameworksBuildPhase section */

/* Begin PBXGroup section */
		2B98337920AE75CA00EA0386 = {
			isa = PBXGroup;
			children = (
				2B98339A20AEDA6000EA0386 /* AccountSDK.framework */,
				2B98338420AE75CA00EA0386 /* AccountSDKDemo */,
				2B98338320AE75CA00EA0386 /* Products */,
			);
			sourceTree = "<group>";
		};
		2B98338320AE75CA00EA0386 /* Products */ = {
			isa = PBXGroup;
			children = (
				2B98338220AE75CA00EA0386 /* AccountSDKDemo.app */,
			);
			name = Products;
			sourceTree = "<group>";
		};
		2B98338420AE75CA00EA0386 /* AccountSDKDemo */ = {
			isa = PBXGroup;
			children = (
				2B98338520AE75CA00EA0386 /* AppDelegate.swift */,
				2B98338720AE75CA00EA0386 /* ViewController.swift */,
				2B98338920AE75CA00EA0386 /* Main.storyboard */,
				2B98338F20AE75CC00EA0386 /* Assets.xcassets */,
				2B98339120AE75CC00EA0386 /* LaunchScreen.storyboard */,
				2B98339420AE75CC00EA0386 /* Info.plist */,
				2B98338C20AE75CA00EA0386 /* AccountSDKDemo.xcdatamodeld */,
			);
			path = AccountSDKDemo;
			sourceTree = "<group>";
		};
/* End PBXGroup section */

/* Begin PBXNativeTarget section */
		2B98338120AE75CA00EA0386 /* AccountSDKDemo */ = {
			isa = PBXNativeTarget;
			buildConfigurationList = 2B98339720AE75CC00EA0386 /* Build configuration list for PBXNativeTarget "AccountSDKDemo" */;
			buildPhases = (
				2B98337E20AE75CA00EA0386 /* Sources */,
				2B98337F20AE75CA00EA0386 /* Frameworks */,
				2B98338020AE75CA00EA0386 /* Resources */,
				2B98339E20AEDBB500EA0386 /* Embed Frameworks */,
			);
			buildRules = (
			);
			dependencies = (
			);
			name = AccountSDKDemo;
			productName = AccountSDKDemo;
			productReference = 2B98338220AE75CA00EA0386 /* AccountSDKDemo.app */;
			productType = "com.apple.product-type.application";
		};
/* End PBXNativeTarget section */

/* Begin PBXProject section */
		2B98337A20AE75CA00EA0386 /* Project object */ = {
			isa = PBXProject;
			attributes = {
				LastSwiftUpdateCheck = 0930;
				LastUpgradeCheck = 0930;
				ORGANIZATIONNAME = "海祥陈";
				TargetAttributes = {
					2B98338120AE75CA00EA0386 = {
						CreatedOnToolsVersion = 9.3.1;
					};
				};
			};
			buildConfigurationList = 2B98337D20AE75CA00EA0386 /* Build configuration list for PBXProject "AccountSDKDemo" */;
			compatibilityVersion = "Xcode 9.3";
			developmentRegion = en;
			hasScannedForEncodings = 0;
			knownRegions = (
				en,
				Base,
			);
			mainGroup = 2B98337920AE75CA00EA0386;
			productRefGroup = 2B98338320AE75CA00EA0386 /* Products */;
			projectDirPath = "";
			projectRoot = "";
			targets = (
				2B98338120AE75CA00EA0386 /* AccountSDKDemo */,
			);
		};
/* End PBXProject section */

/* Begin PBXResourcesBuildPhase section */
		2B98338020AE75CA00EA0386 /* Resources */ = {
			isa = PBXResourcesBuildPhase;
			buildActionMask = 2147483647;
			files = (
				2B98339320AE75CC00EA0386 /* LaunchScreen.storyboard in Resources */,
				2B98339020AE75CC00EA0386 /* Assets.xcassets in Resources */,
				2B98338B20AE75CA00EA0386 /* Main.storyboard in Resources */,
			);
			runOnlyForDeploymentPostprocessing = 0;
		};
/* End PBXResourcesBuildPhase section */

/* Begin PBXSourcesBuildPhase section */
		2B98337E20AE75CA00EA0386 /* Sources */ = {
			isa = PBXSourcesBuildPhase;
			buildActionMask = 2147483647;
			files = (
				2B98338820AE75CA00EA0386 /* ViewController.swift in Sources */,
				2B98338620AE75CA00EA0386 /* AppDelegate.swift in Sources */,
				2B98338E20AE75CA00EA0386 /* AccountSDKDemo.xcdatamodeld in Sources */,
			);
			runOnlyForDeploymentPostprocessing = 0;
		};
/* End PBXSourcesBuildPhase section */

/* Begin PBXVariantGroup section */
		2B98338920AE75CA00EA0386 /* Main.storyboard */ = {
			isa = PBXVariantGroup;
			children = (
				2B98338A20AE75CA00EA0386 /* Base */,
			);
			name = Main.storyboard;
			sourceTree = "<group>";
		};
		2B98339120AE75CC00EA0386 /* LaunchScreen.storyboard */ = {
			isa = PBXVariantGroup;
			children = (
				2B98339220AE75CC00EA0386 /* Base */,
			);
			name = LaunchScreen.storyboard;
			sourceTree = "<group>";
		};
/* End PBXVariantGroup section */

/* Begin XCBuildConfiguration section */
		2B98339520AE75CC00EA0386 /* Debug */ = {
			isa = XCBuildConfiguration;
			buildSettings = {
				ALWAYS_SEARCH_USER_PATHS = NO;
				CLANG_ANALYZER_NONNULL = YES;
				CLANG_ANALYZER_NUMBER_OBJECT_CONVERSION = YES_AGGRESSIVE;
				CLANG_CXX_LANGUAGE_STANDARD = "gnu++14";
				CLANG_CXX_LIBRARY = "libc++";
				CLANG_ENABLE_MODULES = YES;
				CLANG_ENABLE_OBJC_ARC = YES;
				CLANG_ENABLE_OBJC_WEAK = YES;
				CLANG_WARN_BLOCK_CAPTURE_AUTORELEASING = YES;
				CLANG_WARN_BOOL_CONVERSION = YES;
				CLANG_WARN_COMMA = YES;
				CLANG_WARN_CONSTANT_CONVERSION = YES;
				CLANG_WARN_DEPRECATED_OBJC_IMPLEMENTATIONS = YES;
				CLANG_WARN_DIRECT_OBJC_ISA_USAGE = YES_ERROR;
				CLANG_WARN_DOCUMENTATION_COMMENTS = YES;
				CLANG_WARN_EMPTY_BODY = YES;
				CLANG_WARN_ENUM_CONVERSION = YES;
				CLANG_WARN_INFINITE_RECURSION = YES;
				CLANG_WARN_INT_CONVERSION = YES;
				CLANG_WARN_NON_LITERAL_NULL_CONVERSION = YES;
				CLANG_WARN_OBJC_IMPLICIT_RETAIN_SELF = YES;
				CLANG_WARN_OBJC_LITERAL_CONVERSION = YES;
				CLANG_WARN_OBJC_ROOT_CLASS = YES_ERROR;
				CLANG_WARN_RANGE_LOOP_ANALYSIS = YES;
				CLANG_WARN_STRICT_PROTOTYPES = YES;
				CLANG_WARN_SUSPICIOUS_MOVE = YES;
				CLANG_WARN_UNGUARDED_AVAILABILITY = YES_AGGRESSIVE;
				CLANG_WARN_UNREACHABLE_CODE = YES;
				CLANG_WARN__DUPLICATE_METHOD_MATCH = YES;
				CODE_SIGN_IDENTITY = "iPhone Developer";
				COPY_PHASE_STRIP = NO;
				DEBUG_INFORMATION_FORMAT = dwarf;
				ENABLE_STRICT_OBJC_MSGSEND = YES;
				ENABLE_TESTABILITY = YES;
				GCC_C_LANGUAGE_STANDARD = gnu11;
				GCC_DYNAMIC_NO_PIC = NO;
				GCC_NO_COMMON_BLOCKS = YES;
				GCC_OPTIMIZATION_LEVEL = 0;
				GCC_PREPROCESSOR_DEFINITIONS = (
					"DEBUG=1",
					"$(inherited)",
				);
				GCC_WARN_64_TO_32_BIT_CONVERSION = YES;
				GCC_WARN_ABOUT_RETURN_TYPE = YES_ERROR;
				GCC_WARN_UNDECLARED_SELECTOR = YES;
				GCC_WARN_UNINITIALIZED_AUTOS = YES_AGGRESSIVE;
				GCC_WARN_UNUSED_FUNCTION = YES;
				GCC_WARN_UNUSED_VARIABLE = YES;
				IPHONEOS_DEPLOYMENT_TARGET = 11.3;
				MTL_ENABLE_DEBUG_INFO = YES;
				ONLY_ACTIVE_ARCH = YES;
				SDKROOT = iphoneos;
				SWIFT_ACTIVE_COMPILATION_CONDITIONS = DEBUG;
				SWIFT_OPTIMIZATION_LEVEL = "-Onone";
			};
			name = Debug;
		};
		2B98339620AE75CC00EA0386 /* Release */ = {
			isa = XCBuildConfiguration;
			buildSettings = {
				ALWAYS_SEARCH_USER_PATHS = NO;
				CLANG_ANALYZER_NONNULL = YES;
				CLANG_ANALYZER_NUMBER_OBJECT_CONVERSION = YES_AGGRESSIVE;
				CLANG_CXX_LANGUAGE_STANDARD = "gnu++14";
				CLANG_CXX_LIBRARY = "libc++";
				CLANG_ENABLE_MODULES = YES;
				CLANG_ENABLE_OBJC_ARC = YES;
				CLANG_ENABLE_OBJC_WEAK = YES;
				CLANG_WARN_BLOCK_CAPTURE_AUTORELEASING = YES;
				CLANG_WARN_BOOL_CONVERSION = YES;
				CLANG_WARN_COMMA = YES;
				CLANG_WARN_CONSTANT_CONVERSION = YES;
				CLANG_WARN_DEPRECATED_OBJC_IMPLEMENTATIONS = YES;
				CLANG_WARN_DIRECT_OBJC_ISA_USAGE = YES_ERROR;
				CLANG_WARN_DOCUMENTATION_COMMENTS = YES;
				CLANG_WARN_EMPTY_BODY = YES;
				CLANG_WARN_ENUM_CONVERSION = YES;
				CLANG_WARN_INFINITE_RECURSION = YES;
				CLANG_WARN_INT_CONVERSION = YES;
				CLANG_WARN_NON_LITERAL_NULL_CONVERSION = YES;
				CLANG_WARN_OBJC_IMPLICIT_RETAIN_SELF = YES;
				CLANG_WARN_OBJC_LITERAL_CONVERSION = YES;
				CLANG_WARN_OBJC_ROOT_CLASS = YES_ERROR;
				CLANG_WARN_RANGE_LOOP_ANALYSIS = YES;
				CLANG_WARN_STRICT_PROTOTYPES = YES;
				CLANG_WARN_SUSPICIOUS_MOVE = YES;
				CLANG_WARN_UNGUARDED_AVAILABILITY = YES_AGGRESSIVE;
				CLANG_WARN_UNREACHABLE_CODE = YES;
				CLANG_WARN__DUPLICATE_METHOD_MATCH = YES;
				CODE_SIGN_IDENTITY = "iPhone Developer";
				COPY_PHASE_STRIP = NO;
				DEBUG_INFORMATION_FORMAT = "dwarf-with-dsym";
				ENABLE_NS_ASSERTIONS = NO;
				ENABLE_STRICT_OBJC_MSGSEND = YES;
				GCC_C_LANGUAGE_STANDARD = gnu11;
				GCC_NO_COMMON_BLOCKS = YES;
				GCC_WARN_64_TO_32_BIT_CONVERSION = YES;
				GCC_WARN_ABOUT_RETURN_TYPE = YES_ERROR;
				GCC_WARN_UNDECLARED_SELECTOR = YES;
				GCC_WARN_UNINITIALIZED_AUTOS = YES_AGGRESSIVE;
				GCC_WARN_UNUSED_FUNCTION = YES;
				GCC_WARN_UNUSED_VARIABLE = YES;
				IPHONEOS_DEPLOYMENT_TARGET = 11.3;
				MTL_ENABLE_DEBUG_INFO = NO;
				SDKROOT = iphoneos;
				SWIFT_COMPILATION_MODE = wholemodule;
				SWIFT_OPTIMIZATION_LEVEL = "-O";
				VALIDATE_PRODUCT = YES;
			};
			name = Release;
		};
		2B98339820AE75CC00EA0386 /* Debug */ = {
			isa = XCBuildConfiguration;
			buildSettings = {
				ASSETCATALOG_COMPILER_APPICON_NAME = AppIcon;
				CODE_SIGN_STYLE = Automatic;
				DEVELOPMENT_TEAM = FJAYD9XV2Q;
				FRAMEWORK_SEARCH_PATHS = (
					"$(inherited)",
					"$(PROJECT_DIR)",
				);
				INFOPLIST_FILE = AccountSDKDemo/Info.plist;
				IPHONEOS_DEPLOYMENT_TARGET = 10.0;
				LD_RUNPATH_SEARCH_PATHS = (
					"$(inherited)",
					"@executable_path/Frameworks",
				);
				PRODUCT_BUNDLE_IDENTIFIER = com.qikuyx.AccountSDKDemo;
				PRODUCT_NAME = "$(TARGET_NAME)";
				SWIFT_VERSION = 4.0;
				TARGETED_DEVICE_FAMILY = "1,2";
			};
			name = Debug;
		};
		2B98339920AE75CC00EA0386 /* Release */ = {
			isa = XCBuildConfiguration;
			buildSettings = {
				ASSETCATALOG_COMPILER_APPICON_NAME = AppIcon;
				CODE_SIGN_STYLE = Automatic;
				DEVELOPMENT_TEAM = FJAYD9XV2Q;
				FRAMEWORK_SEARCH_PATHS = (
					"$(inherited)",
					"$(PROJECT_DIR)",
				);
				INFOPLIST_FILE = AccountSDKDemo/Info.plist;
				IPHONEOS_DEPLOYMENT_TARGET = 10.0;
				LD_RUNPATH_SEARCH_PATHS = (
					"$(inherited)",
					"@executable_path/Frameworks",
				);
				PRODUCT_BUNDLE_IDENTIFIER = com.qikuyx.AccountSDKDemo;
				PRODUCT_NAME = "$(TARGET_NAME)";
				SWIFT_VERSION = 4.0;
				TARGETED_DEVICE_FAMILY = "1,2";
			};
			name = Release;
		};
/* End XCBuildConfiguration section */

/* Begin XCConfigurationList section */
		2B98337D20AE75CA00EA0386 /* Build configuration list for PBXProject "AccountSDKDemo" */ = {
			isa = XCConfigurationList;
			buildConfigurations = (
				2B98339520AE75CC00EA0386 /* Debug */,
				2B98339620AE75CC00EA0386 /* Release */,
			);
			defaultConfigurationIsVisible = 0;
			defaultConfigurationName = Release;
		};
		2B98339720AE75CC00EA0386 /* Build configuration list for PBXNativeTarget "AccountSDKDemo" */ = {
			isa = XCConfigurationList;
			buildConfigurations = (
				2B98339820AE75CC00EA0386 /* Debug */,
				2B98339920AE75CC00EA0386 /* Release */,
			);
			defaultConfigurationIsVisible = 0;
			defaultConfigurationName = Release;
		};
/* End XCConfigurationList section */

/* Begin XCVersionGroup section */
		2B98338C20AE75CA00EA0386 /* AccountSDKDemo.xcdatamodeld */ = {
			isa = XCVersionGroup;
			children = (
				2B98338D20AE75CA00EA0386 /* AccountSDKDemo.xcdatamodel */,
			);
			currentVersion = 2B98338D20AE75CA00EA0386 /* AccountSDKDemo.xcdatamodel */;
			path = AccountSDKDemo.xcdatamodeld;
			sourceTree = "<group>";
			versionGroupType = wrapper.xcdatamodel;
		};
/* End XCVersionGroup section */
	};
	rootObject = 2B98337A20AE75CA00EA0386 /* Project object */;
}
